
Microsoft Visual Studio Solution File, Format Version 12.00
# Visual Studio Version 17
VisualStudioVersion = 17.0.31903.59
MinimumVisualStudioVersion = 10.0.40219.1
Project("{9A19103F-16F7-4668-BE54-9A1E7A4F7556}") = "BookWorm.Catalog", "src\BookWorm.Catalog\BookWorm.Catalog.csproj", "{9AD9BCD8-AF8D-4AEF-B206-734958461C3A}"
EndProject
Project("{9A19103F-16F7-4668-BE54-9A1E7A4F7556}") = "BookWorm.AppHost", "src\BookWorm.AppHost\BookWorm.AppHost.csproj", "{1B9CBCAF-70E4-4F1F-84F8-C4DEA94D54BB}"
EndProject
Project("{2150E333-8FDC-42A3-9474-1A3956D46DE8}") = "Hosts", "Hosts", "{C50229F2-978B-4961-8865-83767C55E8FB}"
EndProject
Project("{9A19103F-16F7-4668-BE54-9A1E7A4F7556}") = "BookWorm.ServiceDefaults", "src\BookWorm.ServiceDefaults\BookWorm.ServiceDefaults.csproj", "{5EB9D7F2-2DC1-47DA-B882-1EE5900C2D0B}"
EndProject
Project("{9A19103F-16F7-4668-BE54-9A1E7A4F7556}") = "BookWorm.Basket", "src\BookWorm.Basket\BookWorm.Basket.csproj", "{BDF98483-3D2B-4054-A01C-AC4E9ECD09DD}"
EndProject
Project("{2150E333-8FDC-42A3-9474-1A3956D46DE8}") = "Solution Items", "Solution Items", "{243E715E-804B-4E7E-BB46-96B0A4B9CC79}"
	ProjectSection(SolutionItems) = preProject
		Directory.Build.props = Directory.Build.props
		Directory.Packages.props = Directory.Packages.props
	EndProjectSection
EndProject
Project("{9A19103F-16F7-4668-BE54-9A1E7A4F7556}") = "BookWorm.Ordering", "src\BookWorm.Ordering\BookWorm.Ordering.csproj", "{A387A4FB-8DE4-410F-BCEA-B77C30F43882}"
EndProject
Project("{9A19103F-16F7-4668-BE54-9A1E7A4F7556}") = "BookWorm.Rating", "src\BookWorm.Rating\BookWorm.Rating.csproj", "{9750CFC6-5001-48AC-9D56-111A8AC36DC5}"
EndProject
Project("{9A19103F-16F7-4668-BE54-9A1E7A4F7556}") = "BookWorm.Payment", "src\BookWorm.Payment\BookWorm.Payment.csproj", "{64341C83-6946-40AA-A042-4CBA17229F3C}"
EndProject
Project("{9A19103F-16F7-4668-BE54-9A1E7A4F7556}") = "BookWorm.Identity", "src\BookWorm.Identity\BookWorm.Identity.csproj", "{C422F5BD-2669-4357-83EA-48838F3570A9}"
EndProject
Project("{2150E333-8FDC-42A3-9474-1A3956D46DE8}") = "Services", "Services", "{659FC2E9-B081-445A-8B49-3FDCE681BB8E}"
EndProject
Project("{2150E333-8FDC-42A3-9474-1A3956D46DE8}") = "Basket", "Basket", "{84EF1604-03F3-4AE4-A216-71CE402C5C2E}"
EndProject
Project("{2150E333-8FDC-42A3-9474-1A3956D46DE8}") = "Catalog", "Catalog", "{FB7C39D0-C46D-451D-AC93-E8D124695E1F}"
EndProject
Project("{2150E333-8FDC-42A3-9474-1A3956D46DE8}") = "Identity", "Identity", "{7543CC46-6EF9-4C7B-B05D-7B2E2EC2FC58}"
EndProject
Project("{2150E333-8FDC-42A3-9474-1A3956D46DE8}") = "Ordering", "Ordering", "{05D7159D-A792-410B-ABB3-F36B59B6E9E2}"
EndProject
Project("{2150E333-8FDC-42A3-9474-1A3956D46DE8}") = "Payment", "Payment", "{0DDD5CAD-E756-421F-8ADA-9BCF93A3D621}"
EndProject
Project("{2150E333-8FDC-42A3-9474-1A3956D46DE8}") = "Rating", "Rating", "{C108BCF7-3CFB-48F8-AB7E-5B4A0201C946}"
EndProject
Project("{2150E333-8FDC-42A3-9474-1A3956D46DE8}") = "BuildingBlocks", "BuildingBlocks", "{5E13A8D9-B0C4-4388-A99D-AEF14B63CA8C}"
EndProject
Project("{9A19103F-16F7-4668-BE54-9A1E7A4F7556}") = "BookWorm.StoreFront", "src\BookWorm.StoreFront\BookWorm.StoreFront\BookWorm.StoreFront.csproj", "{6742A52D-81F1-4A8D-A656-3C968AB025E2}"
EndProject
Project("{9A19103F-16F7-4668-BE54-9A1E7A4F7556}") = "BookWorm.StoreFront.Client", "src\BookWorm.StoreFront\BookWorm.StoreFront.Client\BookWorm.StoreFront.Client.csproj", "{BA192B61-B2E0-4227-997E-046F2372B33B}"
EndProject
Project("{9A19103F-16F7-4668-BE54-9A1E7A4F7556}") = "BookWorm.Core", "src\BookWorm.Core\BookWorm.Core.csproj", "{3C3989D7-C713-47CB-9CCC-E656E488DDBD}"
EndProject
Project("{9A19103F-16F7-4668-BE54-9A1E7A4F7556}") = "BookWorm.Basket.UnitTests", "tests\BookWorm.Basket.UnitTests\BookWorm.Basket.UnitTests.csproj", "{CC555BD5-F8F3-4D19-93D2-65CE571BCCA5}"
EndProject
Project("{9A19103F-16F7-4668-BE54-9A1E7A4F7556}") = "BookWorm.Basket.IntegrationTests", "tests\BookWorm.Basket.IntegrationTests\BookWorm.Basket.IntegrationTests.csproj", "{AB036927-EF20-4FF1-AD27-5CF9FA00B99C}"
EndProject
Project("{9A19103F-16F7-4668-BE54-9A1E7A4F7556}") = "BookWorm.Catalog.UnitTests", "tests\BookWorm.Catalog.UnitTests\BookWorm.Catalog.UnitTests.csproj", "{CDCCDF68-F4D5-43E2-9DCA-BBA51474253D}"
EndProject
Project("{2150E333-8FDC-42A3-9474-1A3956D46DE8}") = "Clients", "Clients", "{32818A42-C7D2-4F18-A052-6F45F709B2C8}"
EndProject
Project("{9A19103F-16F7-4668-BE54-9A1E7A4F7556}") = "BookWorm.StoreFront.UnitTests", "tests\BookWorm.StoreFront.UnitTests\BookWorm.StoreFront.UnitTests.csproj", "{A305DFF0-1614-4BDD-BA5F-28DE6E4E32F2}"
EndProject
Project("{FAE04EC0-301F-11D3-BF4B-00C04F79EFBC}") = "BookWorm.Web.Bff", "src\BookWorm.Web.Bff\BookWorm.Web.Bff.csproj", "{C3C9F185-8962-4CDF-8441-FF6EDF0B6910}"
EndProject
Project("{FAE04EC0-301F-11D3-BF4B-00C04F79EFBC}") = "BookWorm.Ordering.UnitTests", "tests\BookWorm.Ordering.UnitTests\BookWorm.Ordering.UnitTests.csproj", "{BCE1C1F7-7640-4DE0-B637-62F2D978D9ED}"
EndProject
Project("{FAE04EC0-301F-11D3-BF4B-00C04F79EFBC}") = "BookWorm.Rating.UnitTests", "tests\BookWorm.Rating.UnitTests\BookWorm.Rating.UnitTests.csproj", "{7ED9C7E4-9EA2-4B94-82AD-FF23E35E3A57}"
EndProject
Project("{9A19103F-16F7-4668-BE54-9A1E7A4F7556}") = "BookWorm.Catalog.IntegrationTests", "tests\BookWorm.Catalog.IntegrationTests\BookWorm.Catalog.IntegrationTests.csproj", "{1E2C8C9F-4527-4D3E-8485-3061C3CDF96C}"
EndProject
Project("{9A19103F-16F7-4668-BE54-9A1E7A4F7556}") = "BookWorm.Ordering.IntegrationTests", "tests\BookWorm.Ordering.IntegrationTests\BookWorm.Ordering.IntegrationTests.csproj", "{0628F576-C5BC-4075-B4E4-A1550346B1FE}"
EndProject
Project("{9A19103F-16F7-4668-BE54-9A1E7A4F7556}") = "BookWorm.Rating.IntegrationTests", "tests\BookWorm.Rating.IntegrationTests\BookWorm.Rating.IntegrationTests.csproj", "{30BF0E11-5721-4817-9DF6-A5FFC9829D27}"
EndProject
Project("{2150E333-8FDC-42A3-9474-1A3956D46DE8}") = "Notification", "Notification", "{8AFA71A3-11DC-42A3-B5C4-94B42E8EB4F8}"
EndProject
Project("{FAE04EC0-301F-11D3-BF4B-00C04F79EFBC}") = "BookWorm.Notification", "src\BookWorm.Notification\BookWorm.Notification.csproj", "{CFDA50FF-1E1B-4E04-AEE6-02C8163992B2}"
EndProject
Project("{FAE04EC0-301F-11D3-BF4B-00C04F79EFBC}") = "BookWorm.Shared", "src\BookWorm.Shared\BookWorm.Shared.csproj", "{3BFD59BB-A161-496C-9AD6-F2CC87047EFB}"
EndProject
Project("{FAE04EC0-301F-11D3-BF4B-00C04F79EFBC}") = "BookWorm.Swagger.Hosting", "src\BookWorm.Swagger.Hosting\BookWorm.Swagger.Hosting.csproj", "{E34D1516-DD29-40D2-9FC1-1C3DE9F57F26}"
EndProject
Project("{FAE04EC0-301F-11D3-BF4B-00C04F79EFBC}") = "BookWorm.HealthCheck.Hosting", "src\BookWorm.HealthCheck.Hosting\BookWorm.HealthCheck.Hosting.csproj", "{D1719092-035E-4E02-ACEC-782107CFE51C}"
EndProject
Global
	GlobalSection(SolutionConfigurationPlatforms) = preSolution
		Debug|Any CPU = Debug|Any CPU
		Release|Any CPU = Release|Any CPU
	EndGlobalSection
	GlobalSection(ProjectConfigurationPlatforms) = postSolution
		{9AD9BCD8-AF8D-4AEF-B206-734958461C3A}.Debug|Any CPU.ActiveCfg = Debug|Any CPU
		{9AD9BCD8-AF8D-4AEF-B206-734958461C3A}.Debug|Any CPU.Build.0 = Debug|Any CPU
		{9AD9BCD8-AF8D-4AEF-B206-734958461C3A}.Release|Any CPU.ActiveCfg = Release|Any CPU
		{9AD9BCD8-AF8D-4AEF-B206-734958461C3A}.Release|Any CPU.Build.0 = Release|Any CPU
		{1B9CBCAF-70E4-4F1F-84F8-C4DEA94D54BB}.Debug|Any CPU.ActiveCfg = Debug|Any CPU
		{1B9CBCAF-70E4-4F1F-84F8-C4DEA94D54BB}.Debug|Any CPU.Build.0 = Debug|Any CPU
		{1B9CBCAF-70E4-4F1F-84F8-C4DEA94D54BB}.Release|Any CPU.ActiveCfg = Release|Any CPU
		{1B9CBCAF-70E4-4F1F-84F8-C4DEA94D54BB}.Release|Any CPU.Build.0 = Release|Any CPU
		{5EB9D7F2-2DC1-47DA-B882-1EE5900C2D0B}.Debug|Any CPU.ActiveCfg = Debug|Any CPU
		{5EB9D7F2-2DC1-47DA-B882-1EE5900C2D0B}.Debug|Any CPU.Build.0 = Debug|Any CPU
		{5EB9D7F2-2DC1-47DA-B882-1EE5900C2D0B}.Release|Any CPU.ActiveCfg = Release|Any CPU
		{5EB9D7F2-2DC1-47DA-B882-1EE5900C2D0B}.Release|Any CPU.Build.0 = Release|Any CPU
		{BDF98483-3D2B-4054-A01C-AC4E9ECD09DD}.Debug|Any CPU.ActiveCfg = Debug|Any CPU
		{BDF98483-3D2B-4054-A01C-AC4E9ECD09DD}.Debug|Any CPU.Build.0 = Debug|Any CPU
		{BDF98483-3D2B-4054-A01C-AC4E9ECD09DD}.Release|Any CPU.ActiveCfg = Release|Any CPU
		{BDF98483-3D2B-4054-A01C-AC4E9ECD09DD}.Release|Any CPU.Build.0 = Release|Any CPU
		{A387A4FB-8DE4-410F-BCEA-B77C30F43882}.Debug|Any CPU.ActiveCfg = Debug|Any CPU
		{A387A4FB-8DE4-410F-BCEA-B77C30F43882}.Debug|Any CPU.Build.0 = Debug|Any CPU
		{A387A4FB-8DE4-410F-BCEA-B77C30F43882}.Release|Any CPU.ActiveCfg = Release|Any CPU
		{A387A4FB-8DE4-410F-BCEA-B77C30F43882}.Release|Any CPU.Build.0 = Release|Any CPU
		{9750CFC6-5001-48AC-9D56-111A8AC36DC5}.Debug|Any CPU.ActiveCfg = Debug|Any CPU
		{9750CFC6-5001-48AC-9D56-111A8AC36DC5}.Debug|Any CPU.Build.0 = Debug|Any CPU
		{9750CFC6-5001-48AC-9D56-111A8AC36DC5}.Release|Any CPU.ActiveCfg = Release|Any CPU
		{9750CFC6-5001-48AC-9D56-111A8AC36DC5}.Release|Any CPU.Build.0 = Release|Any CPU
		{64341C83-6946-40AA-A042-4CBA17229F3C}.Debug|Any CPU.ActiveCfg = Debug|Any CPU
		{64341C83-6946-40AA-A042-4CBA17229F3C}.Debug|Any CPU.Build.0 = Debug|Any CPU
		{64341C83-6946-40AA-A042-4CBA17229F3C}.Release|Any CPU.ActiveCfg = Release|Any CPU
		{64341C83-6946-40AA-A042-4CBA17229F3C}.Release|Any CPU.Build.0 = Release|Any CPU
		{C422F5BD-2669-4357-83EA-48838F3570A9}.Debug|Any CPU.ActiveCfg = Debug|Any CPU
		{C422F5BD-2669-4357-83EA-48838F3570A9}.Debug|Any CPU.Build.0 = Debug|Any CPU
		{C422F5BD-2669-4357-83EA-48838F3570A9}.Release|Any CPU.ActiveCfg = Release|Any CPU
		{C422F5BD-2669-4357-83EA-48838F3570A9}.Release|Any CPU.Build.0 = Release|Any CPU
		{6742A52D-81F1-4A8D-A656-3C968AB025E2}.Debug|Any CPU.ActiveCfg = Debug|Any CPU
		{6742A52D-81F1-4A8D-A656-3C968AB025E2}.Debug|Any CPU.Build.0 = Debug|Any CPU
		{6742A52D-81F1-4A8D-A656-3C968AB025E2}.Release|Any CPU.ActiveCfg = Release|Any CPU
		{6742A52D-81F1-4A8D-A656-3C968AB025E2}.Release|Any CPU.Build.0 = Release|Any CPU
		{BA192B61-B2E0-4227-997E-046F2372B33B}.Debug|Any CPU.ActiveCfg = Debug|Any CPU
		{BA192B61-B2E0-4227-997E-046F2372B33B}.Debug|Any CPU.Build.0 = Debug|Any CPU
		{BA192B61-B2E0-4227-997E-046F2372B33B}.Release|Any CPU.ActiveCfg = Release|Any CPU
		{BA192B61-B2E0-4227-997E-046F2372B33B}.Release|Any CPU.Build.0 = Release|Any CPU
		{3C3989D7-C713-47CB-9CCC-E656E488DDBD}.Debug|Any CPU.ActiveCfg = Debug|Any CPU
		{3C3989D7-C713-47CB-9CCC-E656E488DDBD}.Debug|Any CPU.Build.0 = Debug|Any CPU
		{3C3989D7-C713-47CB-9CCC-E656E488DDBD}.Release|Any CPU.ActiveCfg = Release|Any CPU
		{3C3989D7-C713-47CB-9CCC-E656E488DDBD}.Release|Any CPU.Build.0 = Release|Any CPU
		{CC555BD5-F8F3-4D19-93D2-65CE571BCCA5}.Debug|Any CPU.ActiveCfg = Debug|Any CPU
		{CC555BD5-F8F3-4D19-93D2-65CE571BCCA5}.Debug|Any CPU.Build.0 = Debug|Any CPU
		{CC555BD5-F8F3-4D19-93D2-65CE571BCCA5}.Release|Any CPU.ActiveCfg = Release|Any CPU
		{CC555BD5-F8F3-4D19-93D2-65CE571BCCA5}.Release|Any CPU.Build.0 = Release|Any CPU
		{AB036927-EF20-4FF1-AD27-5CF9FA00B99C}.Debug|Any CPU.ActiveCfg = Debug|Any CPU
		{AB036927-EF20-4FF1-AD27-5CF9FA00B99C}.Debug|Any CPU.Build.0 = Debug|Any CPU
		{AB036927-EF20-4FF1-AD27-5CF9FA00B99C}.Release|Any CPU.ActiveCfg = Release|Any CPU
		{AB036927-EF20-4FF1-AD27-5CF9FA00B99C}.Release|Any CPU.Build.0 = Release|Any CPU
		{CDCCDF68-F4D5-43E2-9DCA-BBA51474253D}.Debug|Any CPU.ActiveCfg = Debug|Any CPU
		{CDCCDF68-F4D5-43E2-9DCA-BBA51474253D}.Debug|Any CPU.Build.0 = Debug|Any CPU
		{CDCCDF68-F4D5-43E2-9DCA-BBA51474253D}.Release|Any CPU.ActiveCfg = Release|Any CPU
		{CDCCDF68-F4D5-43E2-9DCA-BBA51474253D}.Release|Any CPU.Build.0 = Release|Any CPU
		{A305DFF0-1614-4BDD-BA5F-28DE6E4E32F2}.Debug|Any CPU.ActiveCfg = Debug|Any CPU
		{A305DFF0-1614-4BDD-BA5F-28DE6E4E32F2}.Debug|Any CPU.Build.0 = Debug|Any CPU
		{A305DFF0-1614-4BDD-BA5F-28DE6E4E32F2}.Release|Any CPU.ActiveCfg = Release|Any CPU
		{A305DFF0-1614-4BDD-BA5F-28DE6E4E32F2}.Release|Any CPU.Build.0 = Release|Any CPU
		{C3C9F185-8962-4CDF-8441-FF6EDF0B6910}.Debug|Any CPU.ActiveCfg = Debug|Any CPU
		{C3C9F185-8962-4CDF-8441-FF6EDF0B6910}.Debug|Any CPU.Build.0 = Debug|Any CPU
		{C3C9F185-8962-4CDF-8441-FF6EDF0B6910}.Release|Any CPU.ActiveCfg = Release|Any CPU
		{C3C9F185-8962-4CDF-8441-FF6EDF0B6910}.Release|Any CPU.Build.0 = Release|Any CPU
		{BCE1C1F7-7640-4DE0-B637-62F2D978D9ED}.Debug|Any CPU.ActiveCfg = Debug|Any CPU
		{BCE1C1F7-7640-4DE0-B637-62F2D978D9ED}.Debug|Any CPU.Build.0 = Debug|Any CPU
		{BCE1C1F7-7640-4DE0-B637-62F2D978D9ED}.Release|Any CPU.ActiveCfg = Release|Any CPU
		{BCE1C1F7-7640-4DE0-B637-62F2D978D9ED}.Release|Any CPU.Build.0 = Release|Any CPU
		{7ED9C7E4-9EA2-4B94-82AD-FF23E35E3A57}.Debug|Any CPU.ActiveCfg = Debug|Any CPU
		{7ED9C7E4-9EA2-4B94-82AD-FF23E35E3A57}.Debug|Any CPU.Build.0 = Debug|Any CPU
		{7ED9C7E4-9EA2-4B94-82AD-FF23E35E3A57}.Release|Any CPU.ActiveCfg = Release|Any CPU
		{7ED9C7E4-9EA2-4B94-82AD-FF23E35E3A57}.Release|Any CPU.Build.0 = Release|Any CPU
		{1E2C8C9F-4527-4D3E-8485-3061C3CDF96C}.Debug|Any CPU.ActiveCfg = Debug|Any CPU
		{1E2C8C9F-4527-4D3E-8485-3061C3CDF96C}.Debug|Any CPU.Build.0 = Debug|Any CPU
		{1E2C8C9F-4527-4D3E-8485-3061C3CDF96C}.Release|Any CPU.ActiveCfg = Release|Any CPU
		{1E2C8C9F-4527-4D3E-8485-3061C3CDF96C}.Release|Any CPU.Build.0 = Release|Any CPU
		{0628F576-C5BC-4075-B4E4-A1550346B1FE}.Debug|Any CPU.ActiveCfg = Debug|Any CPU
		{0628F576-C5BC-4075-B4E4-A1550346B1FE}.Debug|Any CPU.Build.0 = Debug|Any CPU
		{0628F576-C5BC-4075-B4E4-A1550346B1FE}.Release|Any CPU.ActiveCfg = Release|Any CPU
		{0628F576-C5BC-4075-B4E4-A1550346B1FE}.Release|Any CPU.Build.0 = Release|Any CPU
		{30BF0E11-5721-4817-9DF6-A5FFC9829D27}.Debug|Any CPU.ActiveCfg = Debug|Any CPU
		{30BF0E11-5721-4817-9DF6-A5FFC9829D27}.Debug|Any CPU.Build.0 = Debug|Any CPU
		{30BF0E11-5721-4817-9DF6-A5FFC9829D27}.Release|Any CPU.ActiveCfg = Release|Any CPU
		{30BF0E11-5721-4817-9DF6-A5FFC9829D27}.Release|Any CPU.Build.0 = Release|Any CPU
		{CFDA50FF-1E1B-4E04-AEE6-02C8163992B2}.Debug|Any CPU.ActiveCfg = Debug|Any CPU
		{CFDA50FF-1E1B-4E04-AEE6-02C8163992B2}.Debug|Any CPU.Build.0 = Debug|Any CPU
		{CFDA50FF-1E1B-4E04-AEE6-02C8163992B2}.Release|Any CPU.ActiveCfg = Release|Any CPU
		{CFDA50FF-1E1B-4E04-AEE6-02C8163992B2}.Release|Any CPU.Build.0 = Release|Any CPU
		{3BFD59BB-A161-496C-9AD6-F2CC87047EFB}.Debug|Any CPU.ActiveCfg = Debug|Any CPU
		{3BFD59BB-A161-496C-9AD6-F2CC87047EFB}.Debug|Any CPU.Build.0 = Debug|Any CPU
		{3BFD59BB-A161-496C-9AD6-F2CC87047EFB}.Release|Any CPU.ActiveCfg = Release|Any CPU
		{3BFD59BB-A161-496C-9AD6-F2CC87047EFB}.Release|Any CPU.Build.0 = Release|Any CPU
		{E34D1516-DD29-40D2-9FC1-1C3DE9F57F26}.Debug|Any CPU.ActiveCfg = Debug|Any CPU
		{E34D1516-DD29-40D2-9FC1-1C3DE9F57F26}.Debug|Any CPU.Build.0 = Debug|Any CPU
		{E34D1516-DD29-40D2-9FC1-1C3DE9F57F26}.Release|Any CPU.ActiveCfg = Release|Any CPU
		{E34D1516-DD29-40D2-9FC1-1C3DE9F57F26}.Release|Any CPU.Build.0 = Release|Any CPU
		{D1719092-035E-4E02-ACEC-782107CFE51C}.Debug|Any CPU.ActiveCfg = Debug|Any CPU
		{D1719092-035E-4E02-ACEC-782107CFE51C}.Debug|Any CPU.Build.0 = Debug|Any CPU
		{D1719092-035E-4E02-ACEC-782107CFE51C}.Release|Any CPU.ActiveCfg = Release|Any CPU
		{D1719092-035E-4E02-ACEC-782107CFE51C}.Release|Any CPU.Build.0 = Release|Any CPU
	EndGlobalSection
	GlobalSection(SolutionProperties) = preSolution
		HideSolutionNode = FALSE
	EndGlobalSection
	GlobalSection(NestedProjects) = preSolution
		{9AD9BCD8-AF8D-4AEF-B206-734958461C3A} = {FB7C39D0-C46D-451D-AC93-E8D124695E1F}
		{1B9CBCAF-70E4-4F1F-84F8-C4DEA94D54BB} = {C50229F2-978B-4961-8865-83767C55E8FB}
		{5EB9D7F2-2DC1-47DA-B882-1EE5900C2D0B} = {5E13A8D9-B0C4-4388-A99D-AEF14B63CA8C}
		{BDF98483-3D2B-4054-A01C-AC4E9ECD09DD} = {84EF1604-03F3-4AE4-A216-71CE402C5C2E}
		{A387A4FB-8DE4-410F-BCEA-B77C30F43882} = {05D7159D-A792-410B-ABB3-F36B59B6E9E2}
		{9750CFC6-5001-48AC-9D56-111A8AC36DC5} = {C108BCF7-3CFB-48F8-AB7E-5B4A0201C946}
		{64341C83-6946-40AA-A042-4CBA17229F3C} = {0DDD5CAD-E756-421F-8ADA-9BCF93A3D621}
		{C422F5BD-2669-4357-83EA-48838F3570A9} = {7543CC46-6EF9-4C7B-B05D-7B2E2EC2FC58}
		{84EF1604-03F3-4AE4-A216-71CE402C5C2E} = {659FC2E9-B081-445A-8B49-3FDCE681BB8E}
		{FB7C39D0-C46D-451D-AC93-E8D124695E1F} = {659FC2E9-B081-445A-8B49-3FDCE681BB8E}
		{7543CC46-6EF9-4C7B-B05D-7B2E2EC2FC58} = {659FC2E9-B081-445A-8B49-3FDCE681BB8E}
		{05D7159D-A792-410B-ABB3-F36B59B6E9E2} = {659FC2E9-B081-445A-8B49-3FDCE681BB8E}
		{0DDD5CAD-E756-421F-8ADA-9BCF93A3D621} = {659FC2E9-B081-445A-8B49-3FDCE681BB8E}
		{C108BCF7-3CFB-48F8-AB7E-5B4A0201C946} = {659FC2E9-B081-445A-8B49-3FDCE681BB8E}
		{6742A52D-81F1-4A8D-A656-3C968AB025E2} = {32818A42-C7D2-4F18-A052-6F45F709B2C8}
		{BA192B61-B2E0-4227-997E-046F2372B33B} = {32818A42-C7D2-4F18-A052-6F45F709B2C8}
		{3C3989D7-C713-47CB-9CCC-E656E488DDBD} = {5E13A8D9-B0C4-4388-A99D-AEF14B63CA8C}
		{CC555BD5-F8F3-4D19-93D2-65CE571BCCA5} = {84EF1604-03F3-4AE4-A216-71CE402C5C2E}
		{AB036927-EF20-4FF1-AD27-5CF9FA00B99C} = {84EF1604-03F3-4AE4-A216-71CE402C5C2E}
		{CDCCDF68-F4D5-43E2-9DCA-BBA51474253D} = {FB7C39D0-C46D-451D-AC93-E8D124695E1F}
		{A305DFF0-1614-4BDD-BA5F-28DE6E4E32F2} = {32818A42-C7D2-4F18-A052-6F45F709B2C8}
		{C3C9F185-8962-4CDF-8441-FF6EDF0B6910} = {C50229F2-978B-4961-8865-83767C55E8FB}
		{BCE1C1F7-7640-4DE0-B637-62F2D978D9ED} = {05D7159D-A792-410B-ABB3-F36B59B6E9E2}
		{7ED9C7E4-9EA2-4B94-82AD-FF23E35E3A57} = {C108BCF7-3CFB-48F8-AB7E-5B4A0201C946}
		{1E2C8C9F-4527-4D3E-8485-3061C3CDF96C} = {FB7C39D0-C46D-451D-AC93-E8D124695E1F}
		{0628F576-C5BC-4075-B4E4-A1550346B1FE} = {05D7159D-A792-410B-ABB3-F36B59B6E9E2}
		{30BF0E11-5721-4817-9DF6-A5FFC9829D27} = {C108BCF7-3CFB-48F8-AB7E-5B4A0201C946}
		{8AFA71A3-11DC-42A3-B5C4-94B42E8EB4F8} = {659FC2E9-B081-445A-8B49-3FDCE681BB8E}
		{CFDA50FF-1E1B-4E04-AEE6-02C8163992B2} = {8AFA71A3-11DC-42A3-B5C4-94B42E8EB4F8}
		{3BFD59BB-A161-496C-9AD6-F2CC87047EFB} = {5E13A8D9-B0C4-4388-A99D-AEF14B63CA8C}
		{E34D1516-DD29-40D2-9FC1-1C3DE9F57F26} = {C50229F2-978B-4961-8865-83767C55E8FB}
		{D1719092-035E-4E02-ACEC-782107CFE51C} = {C50229F2-978B-4961-8865-83767C55E8FB}
	EndGlobalSection
	GlobalSection(ExtensibilityGlobals) = postSolution
		SolutionGuid = {233A9FBF-DCD1-40C1-A6A5-9D37C92557BB}
	EndGlobalSection
EndGlobal
