{
  "definitions": [
    {
      "protopath": "book.proto",
      "def": {
        "enums": [
          {
            "name": "BookStatus",
            "enum_fields": [
              {
                "name": "InStock"
              },
              {
                "name": "OutOfStock",
                "integer": 1
              }
            ]
          }
        ],
        "messages": [
          {
            "name": "BookRequest",
            "fields": [
              {
                "id": 1,
                "name": "bookId",
                "type": "string"
              }
            ]
          },
          {
            "name": "BookResponse",
            "fields": [
              {
                "id": 1,
                "name": "id",
                "type": "string"
              },
              {
                "id": 2,
                "name": "name",
                "type": "string"
              },
              {
                "id": 3,
                "name": "price",
                "type": "DecimalValue"
              },
              {
                "id": 4,
                "name": "priceSale",
                "type": "DecimalValue"
              },
              {
                "id": 5,
                "name": "status",
                "type": "BookStatus"
              }
            ]
          },
          {
            "name": "BooksRequest",
            "fields": [
              {
                "id": 1,
                "name": "bookIds",
                "type": "string",
                "is_repeated": true
              }
            ]
          },
          {
            "name": "BooksResponse",
            "fields": [
              {
                "id": 1,
                "name": "books",
                "type": "BookResponse",
                "is_repeated": true
              }
            ]
          },
          {
            "name": "DecimalValue",
            "fields": [
              {
                "id": 1,
                "name": "units",
                "type": "int64"
              },
              {
                "id": 2,
                "name": "nanos",
                "type": "sfixed32"
              }
            ]
          }
        ],
        "services": [
          {
            "name": "BookGrpcService",
            "rpcs": [
              {
                "name": "GetBook",
                "in_type": "BookRequest",
                "out_type": "BookResponse",
                "options": [
                  {
                    "name": "(google.api.http)",
                    "aggregated": [
                      {
                        "name": "get",
                        "value": "/api/v1/book/{bookId}"
                      }
                    ]
                  }
                ]
              },
              {
                "name": "GetBooks",
                "in_type": "BooksRequest",
                "out_type": "BooksResponse",
                "options": [
                  {
                    "name": "(google.api.http)",
                    "aggregated": [
                      {
                        "name": "get",
                        "value": "/api/v1/books"
                      }
                    ]
                  }
                ]
              }
            ]
          }
        ],
        "imports": [
          {
            "path": "google/api/annotations.proto"
          }
        ],
        "package": {
          "name": "CatalogApi"
        },
        "options": [
          {
            "name": "csharp_namespace",
            "value": "BookWorm.Catalog.Grpc.Services"
          }
        ]
      }
    }
  ]
}