{
  "definitions": [
    {
      "protopath": "basket.proto",
      "def": {
        "messages": [
          {
            "name": "BasketResponse",
            "fields": [
              {
                "id": 1,
                "name": "id",
                "type": "string"
              },
              {
                "id": 2,
                "name": "items",
                "type": "Item",
                "is_repeated": true
              }
            ]
          },
          {
            "name": "Item",
            "fields": [
              {
                "id": 1,
                "name": "id",
                "type": "string"
              },
              {
                "id": 2,
                "name": "quantity",
                "type": "int32"
              }
            ]
          }
        ],
        "services": [
          {
            "name": "BasketGrpcService",
            "rpcs": [
              {
                "name": "GetBasket",
                "in_type": "google.protobuf.Empty",
                "out_type": "BasketResponse"
              }
            ]
          }
        ],
        "imports": [
          {
            "path": "google/protobuf/empty.proto"
          }
        ],
        "package": {
          "name": "BasketApi"
        },
        "options": [
          {
            "name": "csharp_namespace",
            "value": "BookWorm.Basket.Grpc.Services"
          }
        ]
      }
    }
  ]
}